{
  "sources": {
    "rabbitmq": {
      "path": "."
    },
    "erlang": {
      "locked_version": "2000.1.0",
      "git": "git://github.com/wanelo-chef/erlang.git",
      "ref": "1e88e6f4b84d35ed9ca17e3ba6a1bff066456b67"
    },
    "build-essential": {
      "locked_version": "1.4.2"
    }
  }
}
